version = 1
requires-python = ">=3.12"

[[package]]
name = "asgiref"
version = "3.8.1"
source = { registry = "https://pypi.org/simple" }
sdist = { url = "https://files.pythonhosted.org/packages/29/38/b3395cc9ad1b56d2ddac9970bc8f4141312dbaec28bc7c218b0dfafd0f42/asgiref-3.8.1.tar.gz", hash = "sha256:c343bd80a0bec947a9860adb4c432ffa7db769836c64238fc34bdc3fec84d590", size = 35186 }
wheels = [
    { url = "https://files.pythonhosted.org/packages/39/e3/893e8757be2612e6c266d9bb58ad2e3651524b5b40cf56761e985a28b13e/asgiref-3.8.1-py3-none-any.whl", hash = "sha256:3e1e3ecc849832fe52ccf2cb6686b7a55f82bb1d6aee72a58826471390335e47", size = 23828 },
]

[[package]]
name = "django"
version = "4.2.15"
source = { git = "https://github.com/django/django.git?tag=4.2.15#4d32ebcd57340aa8de2d6d31613f1646dc6391f6" }
dependencies = [
    { name = "asgiref" },
    { name = "sqlparse" },
    { name = "tzdata", marker = "sys_platform == 'win32'" },
]

[[package]]
name = "django-login"
version = "0.1.0"
source = { virtual = "." }
dependencies = [
    { name = "django" },
    { name = "django-widget-tweaks" },
]

[package.metadata]
requires-dist = [
    { name = "django", git = "https://github.com/django/django.git?tag=4.2.15" },
    { name = "django-widget-tweaks", specifier = ">=1.5.0" },
]

[[package]]
name = "django-widget-tweaks"
version = "1.5.0"
source = { registry = "https://pypi.org/simple" }
sdist = { url = "https://files.pythonhosted.org/packages/a5/fe/26eb92fba83844e71bbec0ced7fc2e843e5990020e3cc676925204031654/django-widget-tweaks-1.5.0.tar.gz", hash = "sha256:1c2180681ebb994e922c754804c7ffebbe1245014777ac47897a81f57cc629c7", size = 14767 }
wheels = [
    { url = "https://files.pythonhosted.org/packages/46/6a/6cb6deb5c38b785c77c3ba66f53051eada49205979c407323eb666930915/django_widget_tweaks-1.5.0-py3-none-any.whl", hash = "sha256:a41b7b2f05bd44d673d11ebd6c09a96f1d013ee98121cb98c384fe84e33b881e", size = 8960 },
]

[[package]]
name = "sqlparse"
version = "0.5.2"
source = { registry = "https://pypi.org/simple" }
sdist = { url = "https://files.pythonhosted.org/packages/57/61/5bc3aff85dc5bf98291b37cf469dab74b3d0aef2dd88eade9070a200af05/sqlparse-0.5.2.tar.gz", hash = "sha256:9e37b35e16d1cc652a2545f0997c1deb23ea28fa1f3eefe609eee3063c3b105f", size = 84951 }
wheels = [
    { url = "https://files.pythonhosted.org/packages/7a/13/5f6654c9d915077fae255686ca6fa42095b62b7337e3e1aa9e82caa6f43a/sqlparse-0.5.2-py3-none-any.whl", hash = "sha256:e99bc85c78160918c3e1d9230834ab8d80fc06c59d03f8db2618f65f65dda55e", size = 44407 },
]

[[package]]
name = "tzdata"
version = "2024.2"
source = { registry = "https://pypi.org/simple" }
sdist = { url = "https://files.pythonhosted.org/packages/e1/34/943888654477a574a86a98e9896bae89c7aa15078ec29f490fef2f1e5384/tzdata-2024.2.tar.gz", hash = "sha256:7d85cc416e9382e69095b7bdf4afd9e3880418a2413feec7069d533d6b4e31cc", size = 193282 }
wheels = [
    { url = "https://files.pythonhosted.org/packages/a6/ab/7e5f53c3b9d14972843a647d8d7a853969a58aecc7559cb3267302c94774/tzdata-2024.2-py2.py3-none-any.whl", hash = "sha256:a48093786cdcde33cad18c2555e8532f34422074448fbc874186f0abd79565cd", size = 346586 },
]
